{
  "name": "yuna5577-zenn-contents",
  "version": "1.0.0",
  "lockfileVersion": 3,
  "requires": true,
  "packages": {
    "": {
      "name": "yuna5577-zenn-contents",
      "version": "1.0.0",
      "license": "ISC",
      "dependencies": {
        "zenn-cli": "^0.2.9"
      }
    },
    "node_modules/zenn-cli": {
      "version": "0.2.9",
      "resolved": "https://registry.npmjs.org/zenn-cli/-/zenn-cli-0.2.9.tgz",
      "integrity": "sha512-8H1LH2zwSyy1jkIRZs6sqpdGfQM9cynXzc49y+JcBWkNV9mhIYm42po2ocngk8RBzsNkzUtq2akoefUaI5v/rg==",
      "license": "MIT",
      "bin": {
        "zenn": "dist/server/zenn.js"
      },
      "engines": {
        "node": ">=22.0.0"
      }
    }
  }
}
